// !$*UTF8*$!
{
	archiveVersion = 1;
	classes = {
	};
	objectVersion = 46;
	objects = {

/* Begin PBXBuildFile section */
		4743FA9813A414FA00657D3B /* Foundation.framework in Frameworks */ = {isa = PBXBuildFile; fileRef = 4743FA9713A414FA00657D3B /* Foundation.framework */; };
		4743FA9B13A414FA00657D3B /* main.m in Sources */ = {isa = PBXBuildFile; fileRef = 4743FA9A13A414FA00657D3B /* main.m */; };
		4743FAAB13A415DB00657D3B /* Cocoa.framework in Frameworks */ = {isa = PBXBuildFile; fileRef = 4743FAAA13A415DB00657D3B /* Cocoa.framework */; };
		4743FAB813A415DB00657D3B /* SimpleLists_UnitTest.h in Resources */ = {isa = PBXBuildFile; fileRef = 4743FAB713A415DB00657D3B /* SimpleLists_UnitTest.h */; };
		4743FABA13A415DB00657D3B /* SimpleLists_UnitTest.m in Sources */ = {isa = PBXBuildFile; fileRef = 4743FAB913A415DB00657D3B /* SimpleLists_UnitTest.m */; };
/* End PBXBuildFile section */

/* Begin PBXCopyFilesBuildPhase section */
		4743FA9113A414FA00657D3B /* CopyFiles */ = {
			isa = PBXCopyFilesBuildPhase;
			buildActionMask = 2147483647;
			dstPath = /usr/share/man/man1/;
			dstSubfolderSpec = 0;
			files = (
			);
			runOnlyForDeploymentPostprocessing = 1;
		};
/* End PBXCopyFilesBuildPhase section */

/* Begin PBXFileReference section */
		4743FA9313A414FA00657D3B /* SimpleLists-ObjC */ = {isa = PBXFileReference; explicitFileType = "compiled.mach-o.executable"; includeInIndex = 0; path = "SimpleLists-ObjC"; sourceTree = BUILT_PRODUCTS_DIR; };
		4743FA9713A414FA00657D3B /* Foundation.framework */ = {isa = PBXFileReference; lastKnownFileType = wrapper.framework; name = Foundation.framework; path = System/Library/Frameworks/Foundation.framework; sourceTree = SDKROOT; };
		4743FA9A13A414FA00657D3B /* main.m */ = {isa = PBXFileReference; lastKnownFileType = sourcecode.c.objc; path = main.m; sourceTree = "<group>"; };
		4743FA9D13A414FA00657D3B /* SimpleLists-ObjC-Prefix.pch */ = {isa = PBXFileReference; lastKnownFileType = sourcecode.c.h; path = "SimpleLists-ObjC-Prefix.pch"; sourceTree = "<group>"; };
		4743FAA913A415DB00657D3B /* SimpleLists-UnitTest.octest */ = {isa = PBXFileReference; explicitFileType = wrapper.cfbundle; includeInIndex = 0; path = "SimpleLists-UnitTest.octest"; sourceTree = BUILT_PRODUCTS_DIR; };
		4743FAAA13A415DB00657D3B /* Cocoa.framework */ = {isa = PBXFileReference; lastKnownFileType = wrapper.framework; name = Cocoa.framework; path = System/Library/Frameworks/Cocoa.framework; sourceTree = SDKROOT; };
		4743FAAD13A415DB00657D3B /* AppKit.framework */ = {isa = PBXFileReference; lastKnownFileType = wrapper.framework; name = AppKit.framework; path = System/Library/Frameworks/AppKit.framework; sourceTree = SDKROOT; };
		4743FAAE13A415DB00657D3B /* CoreData.framework */ = {isa = PBXFileReference; lastKnownFileType = wrapper.framework; name = CoreData.framework; path = System/Library/Frameworks/CoreData.framework; sourceTree = SDKROOT; };
		4743FAAF13A415DB00657D3B /* Foundation.framework */ = {isa = PBXFileReference; lastKnownFileType = wrapper.framework; name = Foundation.framework; path = System/Library/Frameworks/Foundation.framework; sourceTree = SDKROOT; };
		4743FAB213A415DB00657D3B /* SimpleLists-UnitTest-Info.plist */ = {isa = PBXFileReference; lastKnownFileType = text.plist.xml; path = "SimpleLists-UnitTest-Info.plist"; sourceTree = "<group>"; };
		4743FAB613A415DB00657D3B /* SimpleLists-UnitTest-Prefix.pch */ = {isa = PBXFileReference; lastKnownFileType = sourcecode.c.h; path = "SimpleLists-UnitTest-Prefix.pch"; sourceTree = "<group>"; };
		4743FAB713A415DB00657D3B /* SimpleLists_UnitTest.h */ = {isa = PBXFileReference; lastKnownFileType = sourcecode.c.h; path = SimpleLists_UnitTest.h; sourceTree = "<group>"; };
		4743FAB913A415DB00657D3B /* SimpleLists_UnitTest.m */ = {isa = PBXFileReference; lastKnownFileType = sourcecode.c.objc; path = SimpleLists_UnitTest.m; sourceTree = "<group>"; };
		4743FABF13A41C5C00657D3B /* List.h */ = {isa = PBXFileReference; fileEncoding = 4; lastKnownFileType = sourcecode.c.h; path = List.h; sourceTree = "<group>"; };
		4743FAC013A41C6500657D3B /* Node.h */ = {isa = PBXFileReference; fileEncoding = 4; lastKnownFileType = sourcecode.c.h; path = Node.h; sourceTree = "<group>"; };
/* End PBXFileReference section */

/* Begin PBXFrameworksBuildPhase section */
		4743FA9013A414FA00657D3B /* Frameworks */ = {
			isa = PBXFrameworksBuildPhase;
			buildActionMask = 2147483647;
			files = (
				4743FA9813A414FA00657D3B /* Foundation.framework in Frameworks */,
			);
			runOnlyForDeploymentPostprocessing = 0;
		};
		4743FAA513A415DB00657D3B /* Frameworks */ = {
			isa = PBXFrameworksBuildPhase;
			buildActionMask = 2147483647;
			files = (
				4743FAAB13A415DB00657D3B /* Cocoa.framework in Frameworks */,
			);
			runOnlyForDeploymentPostprocessing = 0;
		};
/* End PBXFrameworksBuildPhase section */

/* Begin PBXGroup section */
		4743FA8813A414F900657D3B = {
			isa = PBXGroup;
			children = (
				4743FA9913A414FA00657D3B /* SimpleLists-ObjC */,
				4743FAB013A415DB00657D3B /* SimpleLists-UnitTest */,
				4743FA9613A414FA00657D3B /* Frameworks */,
				4743FA9413A414FA00657D3B /* Products */,
			);
			sourceTree = "<group>";
		};
		4743FA9413A414FA00657D3B /* Products */ = {
			isa = PBXGroup;
			children = (
				4743FA9313A414FA00657D3B /* SimpleLists-ObjC */,
				4743FAA913A415DB00657D3B /* SimpleLists-UnitTest.octest */,
			);
			name = Products;
			sourceTree = "<group>";
		};
		4743FA9613A414FA00657D3B /* Frameworks */ = {
			isa = PBXGroup;
			children = (
				4743FA9713A414FA00657D3B /* Foundation.framework */,
				4743FAAA13A415DB00657D3B /* Cocoa.framework */,
				4743FAAC13A415DB00657D3B /* Other Frameworks */,
			);
			name = Frameworks;
			sourceTree = "<group>";
		};
		4743FA9913A414FA00657D3B /* SimpleLists-ObjC */ = {
			isa = PBXGroup;
			children = (
				4743FA9A13A414FA00657D3B /* main.m */,
				4743FA9C13A414FA00657D3B /* Supporting Files */,
				4743FABF13A41C5C00657D3B /* List.h */,
				4743FAC013A41C6500657D3B /* Node.h */,
			);
			path = "SimpleLists-ObjC";
			sourceTree = "<group>";
		};
		4743FA9C13A414FA00657D3B /* Supporting Files */ = {
			isa = PBXGroup;
			children = (
				4743FA9D13A414FA00657D3B /* SimpleLists-ObjC-Prefix.pch */,
			);
			name = "Supporting Files";
			sourceTree = "<group>";
		};
		4743FAAC13A415DB00657D3B /* Other Frameworks */ = {
			isa = PBXGroup;
			children = (
				4743FAAD13A415DB00657D3B /* AppKit.framework */,
				4743FAAE13A415DB00657D3B /* CoreData.framework */,
				4743FAAF13A415DB00657D3B /* Foundation.framework */,
			);
			name = "Other Frameworks";
			sourceTree = "<group>";
		};
		4743FAB013A415DB00657D3B /* SimpleLists-UnitTest */ = {
			isa = PBXGroup;
			children = (
				4743FAB713A415DB00657D3B /* SimpleLists_UnitTest.h */,
				4743FAB913A415DB00657D3B /* SimpleLists_UnitTest.m */,
				4743FAB113A415DB00657D3B /* Supporting Files */,
			);
			path = "SimpleLists-UnitTest";
			sourceTree = "<group>";
		};
		4743FAB113A415DB00657D3B /* Supporting Files */ = {
			isa = PBXGroup;
			children = (
				4743FAB213A415DB00657D3B /* SimpleLists-UnitTest-Info.plist */,
				4743FAB613A415DB00657D3B /* SimpleLists-UnitTest-Prefix.pch */,
			);
			name = "Supporting Files";
			sourceTree = "<group>";
		};
/* End PBXGroup section */

/* Begin PBXNativeTarget section */
		4743FA9213A414FA00657D3B /* SimpleLists-ObjC */ = {
			isa = PBXNativeTarget;
			buildConfigurationList = 4743FAA113A414FA00657D3B /* Build configuration list for PBXNativeTarget "SimpleLists-ObjC" */;
			buildPhases = (
				4743FA8F13A414FA00657D3B /* Sources */,
				4743FA9013A414FA00657D3B /* Frameworks */,
				4743FA9113A414FA00657D3B /* CopyFiles */,
			);
			buildRules = (
			);
			dependencies = (
			);
			name = "SimpleLists-ObjC";
			productName = "SimpleLists-ObjC";
			productReference = 4743FA9313A414FA00657D3B /* SimpleLists-ObjC */;
			productType = "com.apple.product-type.tool";
		};
		4743FAA813A415DB00657D3B /* SimpleLists-UnitTest */ = {
			isa = PBXNativeTarget;
			buildConfigurationList = 4743FABB13A415DB00657D3B /* Build configuration list for PBXNativeTarget "SimpleLists-UnitTest" */;
			buildPhases = (
				4743FAA413A415DB00657D3B /* Sources */,
				4743FAA513A415DB00657D3B /* Frameworks */,
				4743FAA613A415DB00657D3B /* Resources */,
				4743FAA713A415DB00657D3B /* ShellScript */,
			);
			buildRules = (
			);
			dependencies = (
			);
			name = "SimpleLists-UnitTest";
			productName = "SimpleLists-UnitTest";
			productReference = 4743FAA913A415DB00657D3B /* SimpleLists-UnitTest.octest */;
			productType = "com.apple.product-type.bundle";
		};
/* End PBXNativeTarget section */

/* Begin PBXProject section */
		4743FA8A13A414F900657D3B /* Project object */ = {
			isa = PBXProject;
			attributes = {
				ORGANIZATIONNAME = "";
			};
			buildConfigurationList = 4743FA8D13A414F900657D3B /* Build configuration list for PBXProject "SimpleLists-ObjC" */;
			compatibilityVersion = "Xcode 3.2";
			developmentRegion = English;
			hasScannedForEncodings = 0;
			knownRegions = (
				en,
			);
			mainGroup = 4743FA8813A414F900657D3B;
			productRefGroup = 4743FA9413A414FA00657D3B /* Products */;
			projectDirPath = "";
			projectRoot = "";
			targets = (
				4743FA9213A414FA00657D3B /* SimpleLists-ObjC */,
				4743FAA813A415DB00657D3B /* SimpleLists-UnitTest */,
			);
		};
/* End PBXProject section */

/* Begin PBXResourcesBuildPhase section */
		4743FAA613A415DB00657D3B /* Resources */ = {
			isa = PBXResourcesBuildPhase;
			buildActionMask = 2147483647;
			files = (
				4743FAB813A415DB00657D3B /* SimpleLists_UnitTest.h in Resources */,
			);
			runOnlyForDeploymentPostprocessing = 0;
		};
/* End PBXResourcesBuildPhase section */

/* Begin PBXShellScriptBuildPhase section */
		4743FAA713A415DB00657D3B /* ShellScript */ = {
			isa = PBXShellScriptBuildPhase;
			buildActionMask = 2147483647;
			files = (
			);
			inputPaths = (
			);
			outputPaths = (
			);
			runOnlyForDeploymentPostprocessing = 0;
			shellPath = /bin/sh;
			shellScript = "# Run the unit tests in this test bundle.\n\"${SYSTEM_DEVELOPER_DIR}/Tools/RunUnitTests\"\n";
		};
/* End PBXShellScriptBuildPhase section */

/* Begin PBXSourcesBuildPhase section */
		4743FA8F13A414FA00657D3B /* Sources */ = {
			isa = PBXSourcesBuildPhase;
			buildActionMask = 2147483647;
			files = (
				4743FA9B13A414FA00657D3B /* main.m in Sources */,
			);
			runOnlyForDeploymentPostprocessing = 0;
		};
		4743FAA413A415DB00657D3B /* Sources */ = {
			isa = PBXSourcesBuildPhase;
			buildActionMask = 2147483647;
			files = (
				4743FABA13A415DB00657D3B /* SimpleLists_UnitTest.m in Sources */,
			);
			runOnlyForDeploymentPostprocessing = 0;
		};
/* End PBXSourcesBuildPhase section */

/* Begin XCBuildConfiguration section */
		4743FA9F13A414FA00657D3B /* Debug */ = {
			isa = XCBuildConfiguration;
			buildSettings = {
				ARCHS = "$(ARCHS_STANDARD_32_64_BIT)";
				GCC_C_LANGUAGE_STANDARD = gnu99;
				GCC_OPTIMIZATION_LEVEL = 0;
				GCC_PREPROCESSOR_DEFINITIONS = DEBUG;
				GCC_SYMBOLS_PRIVATE_EXTERN = NO;
				GCC_VERSION = com.apple.compilers.llvm.clang.1_0;
				GCC_WARN_64_TO_32_BIT_CONVERSION = YES;
				GCC_WARN_ABOUT_RETURN_TYPE = YES;
				GCC_WARN_UNUSED_VARIABLE = YES;
				MACOSX_DEPLOYMENT_TARGET = 10.6;
				ONLY_ACTIVE_ARCH = YES;
				SDKROOT = macosx;
			};
			name = Debug;
		};
		4743FAA013A414FA00657D3B /* Release */ = {
			isa = XCBuildConfiguration;
			buildSettings = {
				ARCHS = "$(ARCHS_STANDARD_32_64_BIT)";
				GCC_C_LANGUAGE_STANDARD = gnu99;
				GCC_VERSION = com.apple.compilers.llvm.clang.1_0;
				GCC_WARN_64_TO_32_BIT_CONVERSION = YES;
				GCC_WARN_ABOUT_RETURN_TYPE = YES;
				GCC_WARN_UNUSED_VARIABLE = YES;
				MACOSX_DEPLOYMENT_TARGET = 10.6;
				SDKROOT = macosx;
			};
			name = Release;
		};
		4743FAA213A414FA00657D3B /* Debug */ = {
			isa = XCBuildConfiguration;
			buildSettings = {
				ALWAYS_SEARCH_USER_PATHS = NO;
				COPY_PHASE_STRIP = NO;
				GCC_DYNAMIC_NO_PIC = NO;
				GCC_ENABLE_OBJC_EXCEPTIONS = YES;
				GCC_PRECOMPILE_PREFIX_HEADER = YES;
				GCC_PREFIX_HEADER = "SimpleLists-ObjC/SimpleLists-ObjC-Prefix.pch";
				PRODUCT_NAME = "$(TARGET_NAME)";
			};
			name = Debug;
		};
		4743FAA313A414FA00657D3B /* Release */ = {
			isa = XCBuildConfiguration;
			buildSettings = {
				ALWAYS_SEARCH_USER_PATHS = NO;
				COPY_PHASE_STRIP = YES;
				DEBUG_INFORMATION_FORMAT = "dwarf-with-dsym";
				GCC_ENABLE_OBJC_EXCEPTIONS = YES;
				GCC_PRECOMPILE_PREFIX_HEADER = YES;
				GCC_PREFIX_HEADER = "SimpleLists-ObjC/SimpleLists-ObjC-Prefix.pch";
				PRODUCT_NAME = "$(TARGET_NAME)";
			};
			name = Release;
		};
		4743FABC13A415DB00657D3B /* Debug */ = {
			isa = XCBuildConfiguration;
			buildSettings = {
				ALWAYS_SEARCH_USER_PATHS = NO;
				COPY_PHASE_STRIP = NO;
				FRAMEWORK_SEARCH_PATHS = "$(DEVELOPER_LIBRARY_DIR)/Frameworks";
				GCC_DYNAMIC_NO_PIC = NO;
				GCC_ENABLE_OBJC_EXCEPTIONS = YES;
				GCC_PRECOMPILE_PREFIX_HEADER = YES;
				GCC_PREFIX_HEADER = "SimpleLists-UnitTest/SimpleLists-UnitTest-Prefix.pch";
				INFOPLIST_FILE = "SimpleLists-UnitTest/SimpleLists-UnitTest-Info.plist";
				OTHER_LDFLAGS = (
					"-framework",
					SenTestingKit,
				);
				PRODUCT_NAME = "$(TARGET_NAME)";
				WRAPPER_EXTENSION = octest;
			};
			name = Debug;
		};
		4743FABD13A415DB00657D3B /* Release */ = {
			isa = XCBuildConfiguration;
			buildSettings = {
				ALWAYS_SEARCH_USER_PATHS = NO;
				COPY_PHASE_STRIP = YES;
				DEBUG_INFORMATION_FORMAT = "dwarf-with-dsym";
				FRAMEWORK_SEARCH_PATHS = "$(DEVELOPER_LIBRARY_DIR)/Frameworks";
				GCC_ENABLE_OBJC_EXCEPTIONS = YES;
				GCC_PRECOMPILE_PREFIX_HEADER = YES;
				GCC_PREFIX_HEADER = "SimpleLists-UnitTest/SimpleLists-UnitTest-Prefix.pch";
				INFOPLIST_FILE = "SimpleLists-UnitTest/SimpleLists-UnitTest-Info.plist";
				OTHER_LDFLAGS = (
					"-framework",
					SenTestingKit,
				);
				PRODUCT_NAME = "$(TARGET_NAME)";
				WRAPPER_EXTENSION = octest;
			};
			name = Release;
		};
/* End XCBuildConfiguration section */

/* Begin XCConfigurationList section */
		4743FA8D13A414F900657D3B /* Build configuration list for PBXProject "SimpleLists-ObjC" */ = {
			isa = XCConfigurationList;
			buildConfigurations = (
				4743FA9F13A414FA00657D3B /* Debug */,
				4743FAA013A414FA00657D3B /* Release */,
			);
			defaultConfigurationIsVisible = 0;
			defaultConfigurationName = Release;
		};
		4743FAA113A414FA00657D3B /* Build configuration list for PBXNativeTarget "SimpleLists-ObjC" */ = {
			isa = XCConfigurationList;
			buildConfigurations = (
				4743FAA213A414FA00657D3B /* Debug */,
				4743FAA313A414FA00657D3B /* Release */,
			);
			defaultConfigurationIsVisible = 0;
		};
		4743FABB13A415DB00657D3B /* Build configuration list for PBXNativeTarget "SimpleLists-UnitTest" */ = {
			isa = XCConfigurationList;
			buildConfigurations = (
				4743FABC13A415DB00657D3B /* Debug */,
				4743FABD13A415DB00657D3B /* Release */,
			);
			defaultConfigurationIsVisible = 0;
		};
/* End XCConfigurationList section */
	};
	rootObject = 4743FA8A13A414F900657D3B /* Project object */;
}
